
Microsoft Visual Studio Solution File, Format Version 11.00
# Visual Studio 2010
Project("{8BC9CEB8-8B4A-11D0-8D11-00A0C91BC942}") = "ModSecurityIIS", "ModSecurityIIS.vcxproj", "{D1F7201F-064B-48AB-868C-FED22464841C}"
EndProject
Global
	GlobalSection(SolutionConfigurationPlatforms) = preSolution
		Debug|Mixed Platforms = Debug|Mixed Platforms
		Debug|Win32 = Debug|Win32
		Debug|x64 = Debug|x64
		Debug|x86 = Debug|x86
		Release|Mixed Platforms = Release|Mixed Platforms
		Release|Win32 = Release|Win32
		Release|x64 = Release|x64
		Release|x86 = Release|x86
	EndGlobalSection
	GlobalSection(ProjectConfigurationPlatforms) = postSolution
		{D1F7201F-064B-48AB-868C-FED22464841C}.Debug|Mixed Platforms.ActiveCfg = Debug|Win32
		{D1F7201F-064B-48AB-868C-FED22464841C}.Debug|Mixed Platforms.Build.0 = Debug|Win32
		{D1F7201F-064B-48AB-868C-FED22464841C}.Debug|Win32.ActiveCfg = Debug|Win32
		{D1F7201F-064B-48AB-868C-FED22464841C}.Debug|Win32.Build.0 = Debug|Win32
		{D1F7201F-064B-48AB-868C-FED22464841C}.Debug|x64.ActiveCfg = Debug|x64
		{D1F7201F-064B-48AB-868C-FED22464841C}.Debug|x64.Build.0 = Debug|x64
		{D1F7201F-064B-48AB-868C-FED22464841C}.Debug|x86.ActiveCfg = Debug|Win32
		{D1F7201F-064B-48AB-868C-FED22464841C}.Release|Mixed Platforms.ActiveCfg = Release|x64
		{D1F7201F-064B-48AB-868C-FED22464841C}.Release|Mixed Platforms.Build.0 = Release|x64
		{D1F7201F-064B-48AB-868C-FED22464841C}.Release|Win32.ActiveCfg = Release|Win32
		{D1F7201F-064B-48AB-868C-FED22464841C}.Release|Win32.Build.0 = Release|Win32
		{D1F7201F-064B-48AB-868C-FED22464841C}.Release|x64.ActiveCfg = Release|x64
		{D1F7201F-064B-48AB-868C-FED22464841C}.Release|x64.Build.0 = Release|x64
		{D1F7201F-064B-48AB-868C-FED22464841C}.Release|x86.ActiveCfg = Release|Win32
		{D1F7201F-064B-48AB-868C-FED22464841C}.Release|x86.Build.0 = Release|Win32
	EndGlobalSection
	GlobalSection(SolutionProperties) = preSolution
		HideSolutionNode = FALSE
	EndGlobalSection
EndGlobal
