
Microsoft Visual Studio Solution File, Format Version 11.00
# Visual Studio 2010
Project("{54435603-DBB4-11D2-8724-00A0C9A8B90C}") = "ModSecurityIIS", "ModSecurityIIS\ModSecurityIIS.vdproj", "{3352AEF1-9F2A-47CD-9F63-658553063040}"
	ProjectSection(ProjectDependencies) = postProject
		{990BB195-6716-4DE3-B5E4-DCFCB1BD7D9C} = {990BB195-6716-4DE3-B5E4-DCFCB1BD7D9C}
	EndProjectSection
EndProject
Project("{8BC9CEB8-8B4A-11D0-8D11-00A0C91BC942}") = "Installer", "Installer\Installer.vcxproj", "{990BB195-6716-4DE3-B5E4-DCFCB1BD7D9C}"
EndProject
Global
	GlobalSection(SolutionConfigurationPlatforms) = preSolution
		Debug|Mixed Platforms = Debug|Mixed Platforms
		Debug|Win32 = Debug|Win32
		Debug|x64 = Debug|x64
		Debug|x86 = Debug|x86
		Release|Mixed Platforms = Release|Mixed Platforms
		Release|Win32 = Release|Win32
		Release|x64 = Release|x64
		Release|x86 = Release|x86
	EndGlobalSection
	GlobalSection(ProjectConfigurationPlatforms) = postSolution
		{3352AEF1-9F2A-47CD-9F63-658553063040}.Debug|Mixed Platforms.ActiveCfg = Debug
		{3352AEF1-9F2A-47CD-9F63-658553063040}.Debug|Mixed Platforms.Build.0 = Debug
		{3352AEF1-9F2A-47CD-9F63-658553063040}.Debug|Win32.ActiveCfg = Debug
		{3352AEF1-9F2A-47CD-9F63-658553063040}.Debug|Win32.Build.0 = Debug
		{3352AEF1-9F2A-47CD-9F63-658553063040}.Debug|x64.ActiveCfg = Debug
		{3352AEF1-9F2A-47CD-9F63-658553063040}.Debug|x64.Build.0 = Debug
		{3352AEF1-9F2A-47CD-9F63-658553063040}.Debug|x86.ActiveCfg = Debug
		{3352AEF1-9F2A-47CD-9F63-658553063040}.Debug|x86.Build.0 = Debug
		{3352AEF1-9F2A-47CD-9F63-658553063040}.Release|Mixed Platforms.ActiveCfg = Release
		{3352AEF1-9F2A-47CD-9F63-658553063040}.Release|Mixed Platforms.Build.0 = Release
		{3352AEF1-9F2A-47CD-9F63-658553063040}.Release|Win32.ActiveCfg = Release
		{3352AEF1-9F2A-47CD-9F63-658553063040}.Release|Win32.Build.0 = Release
		{3352AEF1-9F2A-47CD-9F63-658553063040}.Release|x64.ActiveCfg = Release
		{3352AEF1-9F2A-47CD-9F63-658553063040}.Release|x64.Build.0 = Release
		{3352AEF1-9F2A-47CD-9F63-658553063040}.Release|x86.ActiveCfg = Release
		{3352AEF1-9F2A-47CD-9F63-658553063040}.Release|x86.Build.0 = Release
		{990BB195-6716-4DE3-B5E4-DCFCB1BD7D9C}.Debug|Mixed Platforms.ActiveCfg = Debug|Win32
		{990BB195-6716-4DE3-B5E4-DCFCB1BD7D9C}.Debug|Mixed Platforms.Build.0 = Debug|Win32
		{990BB195-6716-4DE3-B5E4-DCFCB1BD7D9C}.Debug|Win32.ActiveCfg = Debug|Win32
		{990BB195-6716-4DE3-B5E4-DCFCB1BD7D9C}.Debug|Win32.Build.0 = Debug|Win32
		{990BB195-6716-4DE3-B5E4-DCFCB1BD7D9C}.Debug|x64.ActiveCfg = Debug|Win32
		{990BB195-6716-4DE3-B5E4-DCFCB1BD7D9C}.Debug|x86.ActiveCfg = Debug|Win32
		{990BB195-6716-4DE3-B5E4-DCFCB1BD7D9C}.Release|Mixed Platforms.ActiveCfg = Release|Win32
		{990BB195-6716-4DE3-B5E4-DCFCB1BD7D9C}.Release|Mixed Platforms.Build.0 = Release|Win32
		{990BB195-6716-4DE3-B5E4-DCFCB1BD7D9C}.Release|Win32.ActiveCfg = Release|Win32
		{990BB195-6716-4DE3-B5E4-DCFCB1BD7D9C}.Release|Win32.Build.0 = Release|Win32
		{990BB195-6716-4DE3-B5E4-DCFCB1BD7D9C}.Release|x64.ActiveCfg = Release|Win32
		{990BB195-6716-4DE3-B5E4-DCFCB1BD7D9C}.Release|x86.ActiveCfg = Release|Win32
	EndGlobalSection
	GlobalSection(SolutionProperties) = preSolution
		HideSolutionNode = FALSE
	EndGlobalSection
EndGlobal
